
Microsoft Visual Studio Solution File, Format Version 12.00
# Visual Studio 15
Project("{FAE04EC0-301F-11D3-BF4B-00C04F79EFBC}") = "Assembly-CSharp", "Assembly-CSharp.csproj", "{F5208C0E-0D78-D087-5DA1-0CAD6E8BC3BF}"
EndProject
Global
	GlobalSection(SolutionConfigurationPlatforms) = preSolution
		Debug|Any CPU = Debug|Any CPU
		Release|Any CPU = Release|Any CPU
	EndGlobalSection
	GlobalSection(ProjectConfigurationPlatforms) = postSolution
		{F5208C0E-0D78-D087-5DA1-0CAD6E8BC3BF}.Debug|Any CPU.ActiveCfg = Debug|Any CPU
		{F5208C0E-0D78-D087-5DA1-0CAD6E8BC3BF}.Debug|Any CPU.Build.0 = Debug|Any CPU
		{F5208C0E-0D78-D087-5DA1-0CAD6E8BC3BF}.Release|Any CPU.ActiveCfg = Release|Any CPU
		{F5208C0E-0D78-D087-5DA1-0CAD6E8BC3BF}.Release|Any CPU.Build.0 = Release|Any CPU
	EndGlobalSection
	GlobalSection(SolutionProperties) = preSolution
		HideSolutionNode = FALSE
	EndGlobalSection
EndGlobal
